// !$*UTF8*$!
{
	archiveVersion = 1;
	classes = {
	};
	objectVersion = 46;
	objects = {

/* Begin PBXBuildFile section */
		C0FD1C251E8253E700261EAE /* main.m in Sources */ = {isa = PBXBuildFile; fileRef = C0FD1C241E8253E700261EAE /* main.m */; };
		C0FD1C321E82541000261EAE /* main.m in Sources */ = {isa = PBXBuildFile; fileRef = C0FD1C311E82541000261EAE /* main.m */; };
		C0FD1C3D1E82544000261EAE /* main.m in Sources */ = {isa = PBXBuildFile; fileRef = C0FD1C3C1E82544000261EAE /* main.m */; };
		C0FD1C481E82546100261EAE /* main.m in Sources */ = {isa = PBXBuildFile; fileRef = C0FD1C471E82546100261EAE /* main.m */; };
		C0FD1C531E82548F00261EAE /* main.m in Sources */ = {isa = PBXBuildFile; fileRef = C0FD1C521E82548F00261EAE /* main.m */; };
/* End PBXBuildFile section */

/* Begin PBXCopyFilesBuildPhase section */
		C0FD1C1F1E8253E600261EAE /* CopyFiles */ = {
			isa = PBXCopyFilesBuildPhase;
			buildActionMask = 2147483647;
			dstPath = /usr/share/man/man1/;
			dstSubfolderSpec = 0;
			files = (
			);
			runOnlyForDeploymentPostprocessing = 1;
		};
		C0FD1C2D1E82541000261EAE /* CopyFiles */ = {
			isa = PBXCopyFilesBuildPhase;
			buildActionMask = 2147483647;
			dstPath = /usr/share/man/man1/;
			dstSubfolderSpec = 0;
			files = (
			);
			runOnlyForDeploymentPostprocessing = 1;
		};
		C0FD1C381E82544000261EAE /* CopyFiles */ = {
			isa = PBXCopyFilesBuildPhase;
			buildActionMask = 2147483647;
			dstPath = /usr/share/man/man1/;
			dstSubfolderSpec = 0;
			files = (
			);
			runOnlyForDeploymentPostprocessing = 1;
		};
		C0FD1C431E82546100261EAE /* CopyFiles */ = {
			isa = PBXCopyFilesBuildPhase;
			buildActionMask = 2147483647;
			dstPath = /usr/share/man/man1/;
			dstSubfolderSpec = 0;
			files = (
			);
			runOnlyForDeploymentPostprocessing = 1;
		};
		C0FD1C4E1E82548F00261EAE /* CopyFiles */ = {
			isa = PBXCopyFilesBuildPhase;
			buildActionMask = 2147483647;
			dstPath = /usr/share/man/man1/;
			dstSubfolderSpec = 0;
			files = (
			);
			runOnlyForDeploymentPostprocessing = 1;
		};
/* End PBXCopyFilesBuildPhase section */

/* Begin PBXFileReference section */
		C0FD1C211E8253E700261EAE /* 2.1.1 */ = {isa = PBXFileReference; explicitFileType = "compiled.mach-o.executable"; includeInIndex = 0; path = 2.1.1; sourceTree = BUILT_PRODUCTS_DIR; };
		C0FD1C241E8253E700261EAE /* main.m */ = {isa = PBXFileReference; lastKnownFileType = sourcecode.c.objc; path = main.m; sourceTree = "<group>"; };
		C0FD1C2F1E82541000261EAE /* int类型 */ = {isa = PBXFileReference; explicitFileType = "compiled.mach-o.executable"; includeInIndex = 0; path = "int类型"; sourceTree = BUILT_PRODUCTS_DIR; };
		C0FD1C311E82541000261EAE /* main.m */ = {isa = PBXFileReference; lastKnownFileType = sourcecode.c.objc; path = main.m; sourceTree = "<group>"; };
		C0FD1C3A1E82544000261EAE /* float类型 */ = {isa = PBXFileReference; explicitFileType = "compiled.mach-o.executable"; includeInIndex = 0; path = "float类型"; sourceTree = BUILT_PRODUCTS_DIR; };
		C0FD1C3C1E82544000261EAE /* main.m */ = {isa = PBXFileReference; lastKnownFileType = sourcecode.c.objc; path = main.m; sourceTree = "<group>"; };
		C0FD1C451E82546100261EAE /* char类型 */ = {isa = PBXFileReference; explicitFileType = "compiled.mach-o.executable"; includeInIndex = 0; path = "char类型"; sourceTree = BUILT_PRODUCTS_DIR; };
		C0FD1C471E82546100261EAE /* main.m */ = {isa = PBXFileReference; lastKnownFileType = sourcecode.c.objc; path = main.m; sourceTree = "<group>"; };
		C0FD1C501E82548F00261EAE /* BOOL类型 */ = {isa = PBXFileReference; explicitFileType = "compiled.mach-o.executable"; includeInIndex = 0; path = "BOOL类型"; sourceTree = BUILT_PRODUCTS_DIR; };
		C0FD1C521E82548F00261EAE /* main.m */ = {isa = PBXFileReference; lastKnownFileType = sourcecode.c.objc; path = main.m; sourceTree = "<group>"; };
/* End PBXFileReference section */

/* Begin PBXFrameworksBuildPhase section */
		C0FD1C1E1E8253E600261EAE /* Frameworks */ = {
			isa = PBXFrameworksBuildPhase;
			buildActionMask = 2147483647;
			files = (
			);
			runOnlyForDeploymentPostprocessing = 0;
		};
		C0FD1C2C1E82541000261EAE /* Frameworks */ = {
			isa = PBXFrameworksBuildPhase;
			buildActionMask = 2147483647;
			files = (
			);
			runOnlyForDeploymentPostprocessing = 0;
		};
		C0FD1C371E82544000261EAE /* Frameworks */ = {
			isa = PBXFrameworksBuildPhase;
			buildActionMask = 2147483647;
			files = (
			);
			runOnlyForDeploymentPostprocessing = 0;
		};
		C0FD1C421E82546100261EAE /* Frameworks */ = {
			isa = PBXFrameworksBuildPhase;
			buildActionMask = 2147483647;
			files = (
			);
			runOnlyForDeploymentPostprocessing = 0;
		};
		C0FD1C4D1E82548F00261EAE /* Frameworks */ = {
			isa = PBXFrameworksBuildPhase;
			buildActionMask = 2147483647;
			files = (
			);
			runOnlyForDeploymentPostprocessing = 0;
		};
/* End PBXFrameworksBuildPhase section */

/* Begin PBXGroup section */
		C0FD1C181E8253E500261EAE = {
			isa = PBXGroup;
			children = (
				C0FD1C231E8253E700261EAE /* 2.1.1 */,
				C0FD1C301E82541000261EAE /* int类型 */,
				C0FD1C3B1E82544000261EAE /* float类型 */,
				C0FD1C461E82546100261EAE /* char类型 */,
				C0FD1C511E82548F00261EAE /* BOOL类型 */,
				C0FD1C221E8253E700261EAE /* Products */,
			);
			sourceTree = "<group>";
		};
		C0FD1C221E8253E700261EAE /* Products */ = {
			isa = PBXGroup;
			children = (
				C0FD1C211E8253E700261EAE /* 2.1.1 */,
				C0FD1C2F1E82541000261EAE /* int类型 */,
				C0FD1C3A1E82544000261EAE /* float类型 */,
				C0FD1C451E82546100261EAE /* char类型 */,
				C0FD1C501E82548F00261EAE /* BOOL类型 */,
			);
			name = Products;
			sourceTree = "<group>";
		};
		C0FD1C231E8253E700261EAE /* 2.1.1 */ = {
			isa = PBXGroup;
			children = (
				C0FD1C241E8253E700261EAE /* main.m */,
			);
			path = 2.1.1;
			sourceTree = "<group>";
		};
		C0FD1C301E82541000261EAE /* int类型 */ = {
			isa = PBXGroup;
			children = (
				C0FD1C311E82541000261EAE /* main.m */,
			);
			path = "int类型";
			sourceTree = "<group>";
		};
		C0FD1C3B1E82544000261EAE /* float类型 */ = {
			isa = PBXGroup;
			children = (
				C0FD1C3C1E82544000261EAE /* main.m */,
			);
			path = "float类型";
			sourceTree = "<group>";
		};
		C0FD1C461E82546100261EAE /* char类型 */ = {
			isa = PBXGroup;
			children = (
				C0FD1C471E82546100261EAE /* main.m */,
			);
			path = "char类型";
			sourceTree = "<group>";
		};
		C0FD1C511E82548F00261EAE /* BOOL类型 */ = {
			isa = PBXGroup;
			children = (
				C0FD1C521E82548F00261EAE /* main.m */,
			);
			path = "BOOL类型";
			sourceTree = "<group>";
		};
/* End PBXGroup section */

/* Begin PBXNativeTarget section */
		C0FD1C201E8253E600261EAE /* 2.1.1 */ = {
			isa = PBXNativeTarget;
			buildConfigurationList = C0FD1C281E8253E700261EAE /* Build configuration list for PBXNativeTarget "2.1.1" */;
			buildPhases = (
				C0FD1C1D1E8253E600261EAE /* Sources */,
				C0FD1C1E1E8253E600261EAE /* Frameworks */,
				C0FD1C1F1E8253E600261EAE /* CopyFiles */,
			);
			buildRules = (
			);
			dependencies = (
			);
			name = 2.1.1;
			productName = 2.1.1;
			productReference = C0FD1C211E8253E700261EAE /* 2.1.1 */;
			productType = "com.apple.product-type.tool";
		};
		C0FD1C2E1E82541000261EAE /* int类型 */ = {
			isa = PBXNativeTarget;
			buildConfigurationList = C0FD1C331E82541000261EAE /* Build configuration list for PBXNativeTarget "int类型" */;
			buildPhases = (
				C0FD1C2B1E82541000261EAE /* Sources */,
				C0FD1C2C1E82541000261EAE /* Frameworks */,
				C0FD1C2D1E82541000261EAE /* CopyFiles */,
			);
			buildRules = (
			);
			dependencies = (
			);
			name = "int类型";
			productName = "int类型";
			productReference = C0FD1C2F1E82541000261EAE /* int类型 */;
			productType = "com.apple.product-type.tool";
		};
		C0FD1C391E82544000261EAE /* float类型 */ = {
			isa = PBXNativeTarget;
			buildConfigurationList = C0FD1C3E1E82544000261EAE /* Build configuration list for PBXNativeTarget "float类型" */;
			buildPhases = (
				C0FD1C361E82544000261EAE /* Sources */,
				C0FD1C371E82544000261EAE /* Frameworks */,
				C0FD1C381E82544000261EAE /* CopyFiles */,
			);
			buildRules = (
			);
			dependencies = (
			);
			name = "float类型";
			productName = "float类型";
			productReference = C0FD1C3A1E82544000261EAE /* float类型 */;
			productType = "com.apple.product-type.tool";
		};
		C0FD1C441E82546100261EAE /* char类型 */ = {
			isa = PBXNativeTarget;
			buildConfigurationList = C0FD1C491E82546100261EAE /* Build configuration list for PBXNativeTarget "char类型" */;
			buildPhases = (
				C0FD1C411E82546100261EAE /* Sources */,
				C0FD1C421E82546100261EAE /* Frameworks */,
				C0FD1C431E82546100261EAE /* CopyFiles */,
			);
			buildRules = (
			);
			dependencies = (
			);
			name = "char类型";
			productName = "char类型";
			productReference = C0FD1C451E82546100261EAE /* char类型 */;
			productType = "com.apple.product-type.tool";
		};
		C0FD1C4F1E82548F00261EAE /* BOOL类型 */ = {
			isa = PBXNativeTarget;
			buildConfigurationList = C0FD1C541E82548F00261EAE /* Build configuration list for PBXNativeTarget "BOOL类型" */;
			buildPhases = (
				C0FD1C4C1E82548F00261EAE /* Sources */,
				C0FD1C4D1E82548F00261EAE /* Frameworks */,
				C0FD1C4E1E82548F00261EAE /* CopyFiles */,
			);
			buildRules = (
			);
			dependencies = (
			);
			name = "BOOL类型";
			productName = "BOOL类型";
			productReference = C0FD1C501E82548F00261EAE /* BOOL类型 */;
			productType = "com.apple.product-type.tool";
		};
/* End PBXNativeTarget section */

/* Begin PBXProject section */
		C0FD1C191E8253E500261EAE /* Project object */ = {
			isa = PBXProject;
			attributes = {
				LastUpgradeCheck = 0820;
				ORGANIZATIONNAME = Liz;
				TargetAttributes = {
					C0FD1C201E8253E600261EAE = {
						CreatedOnToolsVersion = 8.2;
						ProvisioningStyle = Automatic;
					};
					C0FD1C2E1E82541000261EAE = {
						CreatedOnToolsVersion = 8.2;
						ProvisioningStyle = Automatic;
					};
					C0FD1C391E82544000261EAE = {
						CreatedOnToolsVersion = 8.2;
						ProvisioningStyle = Automatic;
					};
					C0FD1C441E82546100261EAE = {
						CreatedOnToolsVersion = 8.2;
						ProvisioningStyle = Automatic;
					};
					C0FD1C4F1E82548F00261EAE = {
						CreatedOnToolsVersion = 8.2;
						ProvisioningStyle = Automatic;
					};
				};
			};
			buildConfigurationList = C0FD1C1C1E8253E500261EAE /* Build configuration list for PBXProject "2.1.1" */;
			compatibilityVersion = "Xcode 3.2";
			developmentRegion = English;
			hasScannedForEncodings = 0;
			knownRegions = (
				en,
			);
			mainGroup = C0FD1C181E8253E500261EAE;
			productRefGroup = C0FD1C221E8253E700261EAE /* Products */;
			projectDirPath = "";
			projectRoot = "";
			targets = (
				C0FD1C201E8253E600261EAE /* 2.1.1 */,
				C0FD1C2E1E82541000261EAE /* int类型 */,
				C0FD1C391E82544000261EAE /* float类型 */,
				C0FD1C441E82546100261EAE /* char类型 */,
				C0FD1C4F1E82548F00261EAE /* BOOL类型 */,
			);
		};
/* End PBXProject section */

/* Begin PBXSourcesBuildPhase section */
		C0FD1C1D1E8253E600261EAE /* Sources */ = {
			isa = PBXSourcesBuildPhase;
			buildActionMask = 2147483647;
			files = (
				C0FD1C251E8253E700261EAE /* main.m in Sources */,
			);
			runOnlyForDeploymentPostprocessing = 0;
		};
		C0FD1C2B1E82541000261EAE /* Sources */ = {
			isa = PBXSourcesBuildPhase;
			buildActionMask = 2147483647;
			files = (
				C0FD1C321E82541000261EAE /* main.m in Sources */,
			);
			runOnlyForDeploymentPostprocessing = 0;
		};
		C0FD1C361E82544000261EAE /* Sources */ = {
			isa = PBXSourcesBuildPhase;
			buildActionMask = 2147483647;
			files = (
				C0FD1C3D1E82544000261EAE /* main.m in Sources */,
			);
			runOnlyForDeploymentPostprocessing = 0;
		};
		C0FD1C411E82546100261EAE /* Sources */ = {
			isa = PBXSourcesBuildPhase;
			buildActionMask = 2147483647;
			files = (
				C0FD1C481E82546100261EAE /* main.m in Sources */,
			);
			runOnlyForDeploymentPostprocessing = 0;
		};
		C0FD1C4C1E82548F00261EAE /* Sources */ = {
			isa = PBXSourcesBuildPhase;
			buildActionMask = 2147483647;
			files = (
				C0FD1C531E82548F00261EAE /* main.m in Sources */,
			);
			runOnlyForDeploymentPostprocessing = 0;
		};
/* End PBXSourcesBuildPhase section */

/* Begin XCBuildConfiguration section */
		C0FD1C261E8253E700261EAE /* Debug */ = {
			isa = XCBuildConfiguration;
			buildSettings = {
				ALWAYS_SEARCH_USER_PATHS = NO;
				CLANG_ANALYZER_NONNULL = YES;
				CLANG_CXX_LANGUAGE_STANDARD = "gnu++0x";
				CLANG_CXX_LIBRARY = "libc++";
				CLANG_ENABLE_MODULES = YES;
				CLANG_ENABLE_OBJC_ARC = YES;
				CLANG_WARN_BOOL_CONVERSION = YES;
				CLANG_WARN_CONSTANT_CONVERSION = YES;
				CLANG_WARN_DIRECT_OBJC_ISA_USAGE = YES_ERROR;
				CLANG_WARN_DOCUMENTATION_COMMENTS = YES;
				CLANG_WARN_EMPTY_BODY = YES;
				CLANG_WARN_ENUM_CONVERSION = YES;
				CLANG_WARN_INFINITE_RECURSION = YES;
				CLANG_WARN_INT_CONVERSION = YES;
				CLANG_WARN_OBJC_ROOT_CLASS = YES_ERROR;
				CLANG_WARN_SUSPICIOUS_MOVE = YES;
				CLANG_WARN_UNREACHABLE_CODE = YES;
				CLANG_WARN__DUPLICATE_METHOD_MATCH = YES;
				CODE_SIGN_IDENTITY = "-";
				COPY_PHASE_STRIP = NO;
				DEBUG_INFORMATION_FORMAT = dwarf;
				ENABLE_STRICT_OBJC_MSGSEND = YES;
				ENABLE_TESTABILITY = YES;
				GCC_C_LANGUAGE_STANDARD = gnu99;
				GCC_DYNAMIC_NO_PIC = NO;
				GCC_NO_COMMON_BLOCKS = YES;
				GCC_OPTIMIZATION_LEVEL = 0;
				GCC_PREPROCESSOR_DEFINITIONS = (
					"DEBUG=1",
					"$(inherited)",
				);
				GCC_WARN_64_TO_32_BIT_CONVERSION = YES;
				GCC_WARN_ABOUT_RETURN_TYPE = YES_ERROR;
				GCC_WARN_UNDECLARED_SELECTOR = YES;
				GCC_WARN_UNINITIALIZED_AUTOS = YES_AGGRESSIVE;
				GCC_WARN_UNUSED_FUNCTION = YES;
				GCC_WARN_UNUSED_VARIABLE = YES;
				MACOSX_DEPLOYMENT_TARGET = 10.12;
				MTL_ENABLE_DEBUG_INFO = YES;
				ONLY_ACTIVE_ARCH = YES;
				SDKROOT = macosx;
			};
			name = Debug;
		};
		C0FD1C271E8253E700261EAE /* Release */ = {
			isa = XCBuildConfiguration;
			buildSettings = {
				ALWAYS_SEARCH_USER_PATHS = NO;
				CLANG_ANALYZER_NONNULL = YES;
				CLANG_CXX_LANGUAGE_STANDARD = "gnu++0x";
				CLANG_CXX_LIBRARY = "libc++";
				CLANG_ENABLE_MODULES = YES;
				CLANG_ENABLE_OBJC_ARC = YES;
				CLANG_WARN_BOOL_CONVERSION = YES;
				CLANG_WARN_CONSTANT_CONVERSION = YES;
				CLANG_WARN_DIRECT_OBJC_ISA_USAGE = YES_ERROR;
				CLANG_WARN_DOCUMENTATION_COMMENTS = YES;
				CLANG_WARN_EMPTY_BODY = YES;
				CLANG_WARN_ENUM_CONVERSION = YES;
				CLANG_WARN_INFINITE_RECURSION = YES;
				CLANG_WARN_INT_CONVERSION = YES;
				CLANG_WARN_OBJC_ROOT_CLASS = YES_ERROR;
				CLANG_WARN_SUSPICIOUS_MOVE = YES;
				CLANG_WARN_UNREACHABLE_CODE = YES;
				CLANG_WARN__DUPLICATE_METHOD_MATCH = YES;
				CODE_SIGN_IDENTITY = "-";
				COPY_PHASE_STRIP = NO;
				DEBUG_INFORMATION_FORMAT = "dwarf-with-dsym";
				ENABLE_NS_ASSERTIONS = NO;
				ENABLE_STRICT_OBJC_MSGSEND = YES;
				GCC_C_LANGUAGE_STANDARD = gnu99;
				GCC_NO_COMMON_BLOCKS = YES;
				GCC_WARN_64_TO_32_BIT_CONVERSION = YES;
				GCC_WARN_ABOUT_RETURN_TYPE = YES_ERROR;
				GCC_WARN_UNDECLARED_SELECTOR = YES;
				GCC_WARN_UNINITIALIZED_AUTOS = YES_AGGRESSIVE;
				GCC_WARN_UNUSED_FUNCTION = YES;
				GCC_WARN_UNUSED_VARIABLE = YES;
				MACOSX_DEPLOYMENT_TARGET = 10.12;
				MTL_ENABLE_DEBUG_INFO = NO;
				SDKROOT = macosx;
			};
			name = Release;
		};
		C0FD1C291E8253E700261EAE /* Debug */ = {
			isa = XCBuildConfiguration;
			buildSettings = {
				PRODUCT_NAME = "$(TARGET_NAME)";
			};
			name = Debug;
		};
		C0FD1C2A1E8253E700261EAE /* Release */ = {
			isa = XCBuildConfiguration;
			buildSettings = {
				PRODUCT_NAME = "$(TARGET_NAME)";
			};
			name = Release;
		};
		C0FD1C341E82541000261EAE /* Debug */ = {
			isa = XCBuildConfiguration;
			buildSettings = {
				PRODUCT_NAME = "$(TARGET_NAME)";
			};
			name = Debug;
		};
		C0FD1C351E82541000261EAE /* Release */ = {
			isa = XCBuildConfiguration;
			buildSettings = {
				PRODUCT_NAME = "$(TARGET_NAME)";
			};
			name = Release;
		};
		C0FD1C3F1E82544000261EAE /* Debug */ = {
			isa = XCBuildConfiguration;
			buildSettings = {
				PRODUCT_NAME = "$(TARGET_NAME)";
			};
			name = Debug;
		};
		C0FD1C401E82544000261EAE /* Release */ = {
			isa = XCBuildConfiguration;
			buildSettings = {
				PRODUCT_NAME = "$(TARGET_NAME)";
			};
			name = Release;
		};
		C0FD1C4A1E82546100261EAE /* Debug */ = {
			isa = XCBuildConfiguration;
			buildSettings = {
				PRODUCT_NAME = "$(TARGET_NAME)";
			};
			name = Debug;
		};
		C0FD1C4B1E82546100261EAE /* Release */ = {
			isa = XCBuildConfiguration;
			buildSettings = {
				PRODUCT_NAME = "$(TARGET_NAME)";
			};
			name = Release;
		};
		C0FD1C551E82548F00261EAE /* Debug */ = {
			isa = XCBuildConfiguration;
			buildSettings = {
				PRODUCT_NAME = "$(TARGET_NAME)";
			};
			name = Debug;
		};
		C0FD1C561E82548F00261EAE /* Release */ = {
			isa = XCBuildConfiguration;
			buildSettings = {
				PRODUCT_NAME = "$(TARGET_NAME)";
			};
			name = Release;
		};
/* End XCBuildConfiguration section */

/* Begin XCConfigurationList section */
		C0FD1C1C1E8253E500261EAE /* Build configuration list for PBXProject "2.1.1" */ = {
			isa = XCConfigurationList;
			buildConfigurations = (
				C0FD1C261E8253E700261EAE /* Debug */,
				C0FD1C271E8253E700261EAE /* Release */,
			);
			defaultConfigurationIsVisible = 0;
			defaultConfigurationName = Release;
		};
		C0FD1C281E8253E700261EAE /* Build configuration list for PBXNativeTarget "2.1.1" */ = {
			isa = XCConfigurationList;
			buildConfigurations = (
				C0FD1C291E8253E700261EAE /* Debug */,
				C0FD1C2A1E8253E700261EAE /* Release */,
			);
			defaultConfigurationIsVisible = 0;
		};
		C0FD1C331E82541000261EAE /* Build configuration list for PBXNativeTarget "int类型" */ = {
			isa = XCConfigurationList;
			buildConfigurations = (
				C0FD1C341E82541000261EAE /* Debug */,
				C0FD1C351E82541000261EAE /* Release */,
			);
			defaultConfigurationIsVisible = 0;
		};
		C0FD1C3E1E82544000261EAE /* Build configuration list for PBXNativeTarget "float类型" */ = {
			isa = XCConfigurationList;
			buildConfigurations = (
				C0FD1C3F1E82544000261EAE /* Debug */,
				C0FD1C401E82544000261EAE /* Release */,
			);
			defaultConfigurationIsVisible = 0;
		};
		C0FD1C491E82546100261EAE /* Build configuration list for PBXNativeTarget "char类型" */ = {
			isa = XCConfigurationList;
			buildConfigurations = (
				C0FD1C4A1E82546100261EAE /* Debug */,
				C0FD1C4B1E82546100261EAE /* Release */,
			);
			defaultConfigurationIsVisible = 0;
		};
		C0FD1C541E82548F00261EAE /* Build configuration list for PBXNativeTarget "BOOL类型" */ = {
			isa = XCConfigurationList;
			buildConfigurations = (
				C0FD1C551E82548F00261EAE /* Debug */,
				C0FD1C561E82548F00261EAE /* Release */,
			);
			defaultConfigurationIsVisible = 0;
		};
/* End XCConfigurationList section */
	};
	rootObject = C0FD1C191E8253E500261EAE /* Project object */;
}
